
Microsoft Visual Studio Solution File, Format Version 12.00
# Visual Studio 15
VisualStudioVersion = 15.0.28307.1145
MinimumVisualStudioVersion = 10.0.40219.1
Project("{FAE04EC0-301F-11D3-BF4B-00C04F79EFBC}") = "Game Launcher", "Game Launcher\Game Launcher.csproj", "{5981F0A2-2825-4B2F-9EAA-7D093FA066D1}"
EndProject
Global
	GlobalSection(SolutionConfigurationPlatforms) = preSolution
		Debug|Any CPU = Debug|Any CPU
		Release|Any CPU = Release|Any CPU
	EndGlobalSection
	GlobalSection(ProjectConfigurationPlatforms) = postSolution
		{5981F0A2-2825-4B2F-9EAA-7D093FA066D1}.Debug|Any CPU.ActiveCfg = Debug|Any CPU
		{5981F0A2-2825-4B2F-9EAA-7D093FA066D1}.Debug|Any CPU.Build.0 = Debug|Any CPU
		{5981F0A2-2825-4B2F-9EAA-7D093FA066D1}.Release|Any CPU.ActiveCfg = Release|Any CPU
		{5981F0A2-2825-4B2F-9EAA-7D093FA066D1}.Release|Any CPU.Build.0 = Release|Any CPU
	EndGlobalSection
	GlobalSection(SolutionProperties) = preSolution
		HideSolutionNode = FALSE
	EndGlobalSection
	GlobalSection(ExtensibilityGlobals) = postSolution
		SolutionGuid = {4163989D-57CD-471F-A1E0-935CDCFB1CD3}
	EndGlobalSection
EndGlobal
